dependencies:
  idf:
    source:
      type: idf
    version: 5.4.2
  joltwallet/littlefs:
    component_hash: 8e12955f47e27e6070b76715a96d6c75fc2b44f069e8c33679332d9bdd3120c4
    dependencies:
    - name: idf
      require: private
      version: '>=5.0'
    source:
      registry_url: https://components.espressif.com/
      type: service
    version: 1.20.1
direct_dependencies:
- idf
- joltwallet/littlefs
manifest_hash: dd5885df67fa72b61e63e31c91d03d864527cb0e9e96091b389fc2ce404da641
target: esp32
version: 2.0.0
