dependencies:
  espressif/mdns:
    component_hash: d8ae7aa491ff97aea1d00d514a1de42cdbaaf1bce10df183968fa5594b904de7
    source:
      service_url: https://api.components.espressif.com/
      type: service
    version: 1.2.5
  idf:
    component_hash: null
    source:
      type: idf
    version: 5.2.1
  joltwallet/littlefs:
    component_hash: f7813d2c2ddde8bc74cd9d044f063d758672f8504ca56132f518ff1438c9a051
    source:
      service_url: https://api.components.espressif.com/
      type: service
    version: 1.13.0
manifest_hash: 9613f5b56feaeffa5ac8b44de38e636b181759c54fba51380280de3c9438bf39
target: esp32
version: 1.0.0
