dependencies:
  espressif/mdns:
    component_hash: 043f989435fd88f771c70507bfde854380c259a8fec8c0d60bcfd8714f16960e
    dependencies:
    - name: idf
      require: private
      version: '>=5.0'
    source:
      registry_url: https://components.espressif.com/
      type: service
    version: 1.10.0
  idf:
    source:
      type: idf
    version: 5.5.2
  joltwallet/littlefs:
    component_hash: 8e12955f47e27e6070b76715a96d6c75fc2b44f069e8c33679332d9bdd3120c4
    dependencies:
    - name: idf
      require: private
      version: '>=5.0'
    source:
      registry_url: https://components.espressif.com/
      type: service
    version: 1.20.1
direct_dependencies:
- espressif/mdns
- idf
- joltwallet/littlefs
manifest_hash: 553e5de1c97f4f2195686a37910f2477a75858536a12b8b0b34236e9a30e4605
target: esp32
version: 2.0.0
